
Microsoft Visual Studio Solution File, Format Version 12.00
# Visual Studio Version 17
VisualStudioVersion = 17.3.32825.248
MinimumVisualStudioVersion = 10.0.40219.1
Project("{FAE04EC0-301F-11D3-BF4B-00C04F79EFBC}") = "007", "007\007.csproj", "{EBEFCC7E-F0F1-4F4B-BB4F-4FD7566DECDC}"
EndProject
Global
	GlobalSection(SolutionConfigurationPlatforms) = preSolution
		Debug|Any CPU = Debug|Any CPU
		Release|Any CPU = Release|Any CPU
	EndGlobalSection
	GlobalSection(ProjectConfigurationPlatforms) = postSolution
		{EBEFCC7E-F0F1-4F4B-BB4F-4FD7566DECDC}.Debug|Any CPU.ActiveCfg = Debug|Any CPU
		{EBEFCC7E-F0F1-4F4B-BB4F-4FD7566DECDC}.Debug|Any CPU.Build.0 = Debug|Any CPU
		{EBEFCC7E-F0F1-4F4B-BB4F-4FD7566DECDC}.Release|Any CPU.ActiveCfg = Release|Any CPU
		{EBEFCC7E-F0F1-4F4B-BB4F-4FD7566DECDC}.Release|Any CPU.Build.0 = Release|Any CPU
	EndGlobalSection
	GlobalSection(SolutionProperties) = preSolution
		HideSolutionNode = FALSE
	EndGlobalSection
	GlobalSection(ExtensibilityGlobals) = postSolution
		SolutionGuid = {54AF7BCF-05BC-49B2-B006-B8574573C5A2}
	EndGlobalSection
EndGlobal
