
Microsoft Visual Studio Solution File, Format Version 12.00
# Visual Studio Version 17
VisualStudioVersion = 17.3.32825.248
MinimumVisualStudioVersion = 10.0.40219.1
Project("{FAE04EC0-301F-11D3-BF4B-00C04F79EFBC}") = "004", "004\004.csproj", "{1FEFE4ED-7F9F-4870-8AB9-5706C2D03E33}"
EndProject
Global
	GlobalSection(SolutionConfigurationPlatforms) = preSolution
		Debug|Any CPU = Debug|Any CPU
		Release|Any CPU = Release|Any CPU
	EndGlobalSection
	GlobalSection(ProjectConfigurationPlatforms) = postSolution
		{1FEFE4ED-7F9F-4870-8AB9-5706C2D03E33}.Debug|Any CPU.ActiveCfg = Debug|Any CPU
		{1FEFE4ED-7F9F-4870-8AB9-5706C2D03E33}.Debug|Any CPU.Build.0 = Debug|Any CPU
		{1FEFE4ED-7F9F-4870-8AB9-5706C2D03E33}.Release|Any CPU.ActiveCfg = Release|Any CPU
		{1FEFE4ED-7F9F-4870-8AB9-5706C2D03E33}.Release|Any CPU.Build.0 = Release|Any CPU
	EndGlobalSection
	GlobalSection(SolutionProperties) = preSolution
		HideSolutionNode = FALSE
	EndGlobalSection
	GlobalSection(ExtensibilityGlobals) = postSolution
		SolutionGuid = {97D4F04D-F176-47A8-9EB3-071342B3C1AC}
	EndGlobalSection
EndGlobal
