
Microsoft Visual Studio Solution File, Format Version 12.00
# Visual Studio Version 17
VisualStudioVersion = 17.3.32825.248
MinimumVisualStudioVersion = 10.0.40219.1
Project("{FAE04EC0-301F-11D3-BF4B-00C04F79EFBC}") = "saidaDeDados", "saidaDeDados\saidaDeDados.csproj", "{0A713B99-E562-4CBB-8C42-6877B1AB89CE}"
EndProject
Global
	GlobalSection(SolutionConfigurationPlatforms) = preSolution
		Debug|Any CPU = Debug|Any CPU
		Release|Any CPU = Release|Any CPU
	EndGlobalSection
	GlobalSection(ProjectConfigurationPlatforms) = postSolution
		{0A713B99-E562-4CBB-8C42-6877B1AB89CE}.Debug|Any CPU.ActiveCfg = Debug|Any CPU
		{0A713B99-E562-4CBB-8C42-6877B1AB89CE}.Debug|Any CPU.Build.0 = Debug|Any CPU
		{0A713B99-E562-4CBB-8C42-6877B1AB89CE}.Release|Any CPU.ActiveCfg = Release|Any CPU
		{0A713B99-E562-4CBB-8C42-6877B1AB89CE}.Release|Any CPU.Build.0 = Release|Any CPU
	EndGlobalSection
	GlobalSection(SolutionProperties) = preSolution
		HideSolutionNode = FALSE
	EndGlobalSection
	GlobalSection(ExtensibilityGlobals) = postSolution
		SolutionGuid = {6F32E1EE-B52F-4937-A058-1A6A61E1C134}
	EndGlobalSection
EndGlobal
