
Microsoft Visual Studio Solution File, Format Version 12.00
# Visual Studio Version 17
VisualStudioVersion = 17.3.32825.248
MinimumVisualStudioVersion = 10.0.40219.1
Project("{FAE04EC0-301F-11D3-BF4B-00C04F79EFBC}") = "calculotriangulo", "calculotriangulo\calculotriangulo.csproj", "{DA2E3EE7-398F-4C02-B612-1E6FA5C1776A}"
EndProject
Global
	GlobalSection(SolutionConfigurationPlatforms) = preSolution
		Debug|Any CPU = Debug|Any CPU
		Release|Any CPU = Release|Any CPU
	EndGlobalSection
	GlobalSection(ProjectConfigurationPlatforms) = postSolution
		{DA2E3EE7-398F-4C02-B612-1E6FA5C1776A}.Debug|Any CPU.ActiveCfg = Debug|Any CPU
		{DA2E3EE7-398F-4C02-B612-1E6FA5C1776A}.Debug|Any CPU.Build.0 = Debug|Any CPU
		{DA2E3EE7-398F-4C02-B612-1E6FA5C1776A}.Release|Any CPU.ActiveCfg = Release|Any CPU
		{DA2E3EE7-398F-4C02-B612-1E6FA5C1776A}.Release|Any CPU.Build.0 = Release|Any CPU
	EndGlobalSection
	GlobalSection(SolutionProperties) = preSolution
		HideSolutionNode = FALSE
	EndGlobalSection
	GlobalSection(ExtensibilityGlobals) = postSolution
		SolutionGuid = {187C7890-9214-479E-99B8-3113451D105B}
	EndGlobalSection
EndGlobal
