
Microsoft Visual Studio Solution File, Format Version 12.00
# Visual Studio Version 17
VisualStudioVersion = 17.3.32825.248
MinimumVisualStudioVersion = 10.0.40219.1
Project("{FAE04EC0-301F-11D3-BF4B-00C04F79EFBC}") = "0011", "0011\0011.csproj", "{A7252E74-968E-46E6-9864-4B70BBF57693}"
EndProject
Global
	GlobalSection(SolutionConfigurationPlatforms) = preSolution
		Debug|Any CPU = Debug|Any CPU
		Release|Any CPU = Release|Any CPU
	EndGlobalSection
	GlobalSection(ProjectConfigurationPlatforms) = postSolution
		{A7252E74-968E-46E6-9864-4B70BBF57693}.Debug|Any CPU.ActiveCfg = Debug|Any CPU
		{A7252E74-968E-46E6-9864-4B70BBF57693}.Debug|Any CPU.Build.0 = Debug|Any CPU
		{A7252E74-968E-46E6-9864-4B70BBF57693}.Release|Any CPU.ActiveCfg = Release|Any CPU
		{A7252E74-968E-46E6-9864-4B70BBF57693}.Release|Any CPU.Build.0 = Release|Any CPU
	EndGlobalSection
	GlobalSection(SolutionProperties) = preSolution
		HideSolutionNode = FALSE
	EndGlobalSection
	GlobalSection(ExtensibilityGlobals) = postSolution
		SolutionGuid = {342D5FCF-9362-4C5A-B47F-83373159E3D5}
	EndGlobalSection
EndGlobal
