
Microsoft Visual Studio Solution File, Format Version 12.00
# Visual Studio Version 17
VisualStudioVersion = 17.3.32825.248
MinimumVisualStudioVersion = 10.0.40219.1
Project("{FAE04EC0-301F-11D3-BF4B-00C04F79EFBC}") = "007", "007\007.csproj", "{9EC03964-C45A-4E96-A936-51859CD64505}"
EndProject
Global
	GlobalSection(SolutionConfigurationPlatforms) = preSolution
		Debug|Any CPU = Debug|Any CPU
		Release|Any CPU = Release|Any CPU
	EndGlobalSection
	GlobalSection(ProjectConfigurationPlatforms) = postSolution
		{9EC03964-C45A-4E96-A936-51859CD64505}.Debug|Any CPU.ActiveCfg = Debug|Any CPU
		{9EC03964-C45A-4E96-A936-51859CD64505}.Debug|Any CPU.Build.0 = Debug|Any CPU
		{9EC03964-C45A-4E96-A936-51859CD64505}.Release|Any CPU.ActiveCfg = Release|Any CPU
		{9EC03964-C45A-4E96-A936-51859CD64505}.Release|Any CPU.Build.0 = Release|Any CPU
	EndGlobalSection
	GlobalSection(SolutionProperties) = preSolution
		HideSolutionNode = FALSE
	EndGlobalSection
	GlobalSection(ExtensibilityGlobals) = postSolution
		SolutionGuid = {8575D5EE-ECB4-4A55-8BC9-C59F415B3F4D}
	EndGlobalSection
EndGlobal
